{
    "_readme": [
        "This file locks the dependencies of your project to a known state",
        "Read more about it at https://getcomposer.org/doc/01-basic-usage.md#installing-dependencies",
        "This file is @generated automatically"
    ],
    "content-hash": "efd780e745592e3efbafe7f8213be9ea",
    "packages": [
        {
            "name": "srwiez/thumbhash",
            "version": "dev-master",
            "source": {
                "type": "git",
                "url": "https://github.com/SRWieZ/thumbhash.git",
                "reference": "3983c6f1aec32d8a037cc66175c0550f12c3f9e2"
            },
            "dist": {
                "type": "zip",
                "url": "https://api.github.com/repos/SRWieZ/thumbhash/zipball/3983c6f1aec32d8a037cc66175c0550f12c3f9e2",
                "reference": "3983c6f1aec32d8a037cc66175c0550f12c3f9e2",
                "shasum": ""
            },
            "require": {
                "php": "^7.3 || ^8.0"
            },
            "require-dev": {
                "ext-gd": "*",
                "ext-imagick": "*",
                "pestphp/pest": "^1.0"
            },
            "default-branch": true,
            "type": "library",
            "autoload": {
                "files": [
                    "src/helpers.php"
                ],
                "psr-4": {
                    "Thumbhash\\": "src/"
                }
            },
            "notification-url": "https://packagist.org/downloads/",
            "license": [
                "MIT"
            ],
            "authors": [
                {
                    "name": "Eser DENIZ",
                    "email": "srwiez@gmail.com"
                }
            ],
            "description": "A brief description of your package",
            "support": {
                "issues": "https://github.com/SRWieZ/thumbhash/issues",
                "source": "https://github.com/SRWieZ/thumbhash/tree/v1.3.0"
            },
            "time": "2024-10-16T06:10:12+00:00"
        }
    ],
    "packages-dev": [],
    "aliases": [],
    "minimum-stability": "dev",
    "stability-flags": [],
    "prefer-stable": false,
    "prefer-lowest": false,
    "platform": [],
    "platform-dev": [],
    "plugin-api-version": "2.6.0"
}
